schema: '2.0'
stages:
  get_features_n_split:
    cmd: python3 scripts/data_preprocessing/get_features_n_split.py data/raw/wines_SPA.csv
    deps:
    - path: data/raw/wines_SPA.csv
      hash: md5
      md5: ed876e0a7422843a66bc67b8abf42d0d
      size: 688191
    - path: scripts/data_preprocessing/get_features_n_split.py
      hash: md5
      md5: 42d387dedb73c1aa58f69c2b3a325088
      size: 1424
    params:
      params.yaml:
        split.split_ratio: 0.2
    outs:
    - path: data/stage_1
      hash: md5
      md5: 675a5f61411f5d6e15e6db2810d34fce.dir
      size: 141494
      nfiles: 4
  preprocessing:
    cmd: python3 scripts/data_preprocessing/preprocessing.py data/stage_1/X_Train.csv
      data/stage_1/y_Train.csv data/stage_1/X_test.csv data/stage_1/y_test.csv
    deps:
    - path: data/stage_1/X_Train.csv
      hash: md5
      md5: a5a9ec14f663520269c417abb4bf9986
      size: 99655
    - path: data/stage_1/X_test.csv
      hash: md5
      md5: fe0d95b837ba566f472d2800fd4cb045
      size: 24545
    - path: data/stage_1/y_Train.csv
      hash: md5
      md5: 73b1f71232d94fd04dcf046331d638a9
      size: 13955
    - path: data/stage_1/y_test.csv
      hash: md5
      md5: 54fbbeb6712a5139bb9ebffcc8aa1345
      size: 3339
    - path: scripts/data_preprocessing/preprocessing.py
      hash: md5
      md5: 96e56ebab68245f88b30753454e762c2
      size: 2083
    outs:
    - path: data/stage_2
      hash: md5
      md5: f5acd9d2937e7f5243b75adff632db15.dir
      size: 7341875
      nfiles: 4
